
Microsoft Visual Studio Solution File, Format Version 12.00
# Visual Studio Version 16
VisualStudioVersion = 16.0.32929.386
MinimumVisualStudioVersion = 10.0.40219.1
Project("{FAE04EC0-301F-11D3-BF4B-00C04F79EFBC}") = "21Ekim", "21Ekim.csproj", "{1F14B594-C9CE-42D5-976D-5B7D88278477}"
EndProject
Global
	GlobalSection(SolutionConfigurationPlatforms) = preSolution
		Debug|Any CPU = Debug|Any CPU
		Release|Any CPU = Release|Any CPU
	EndGlobalSection
	GlobalSection(ProjectConfigurationPlatforms) = postSolution
		{1F14B594-C9CE-42D5-976D-5B7D88278477}.Debug|Any CPU.ActiveCfg = Debug|Any CPU
		{1F14B594-C9CE-42D5-976D-5B7D88278477}.Debug|Any CPU.Build.0 = Debug|Any CPU
		{1F14B594-C9CE-42D5-976D-5B7D88278477}.Release|Any CPU.ActiveCfg = Release|Any CPU
		{1F14B594-C9CE-42D5-976D-5B7D88278477}.Release|Any CPU.Build.0 = Release|Any CPU
	EndGlobalSection
	GlobalSection(SolutionProperties) = preSolution
		HideSolutionNode = FALSE
	EndGlobalSection
	GlobalSection(ExtensibilityGlobals) = postSolution
		SolutionGuid = {5B21E91C-DC3C-4326-992A-39A3BDBB8E40}
	EndGlobalSection
EndGlobal
